
Microsoft Visual Studio Solution File, Format Version 12.00
# Visual Studio 15
VisualStudioVersion = 15.0.26124.0
MinimumVisualStudioVersion = 15.0.26124.0
Project("{FAE04EC0-301F-11D3-BF4B-00C04F79EFBC}") = "QuickBuy.Dominio", "QuickBuy.Dominio\QuickBuy.Dominio.csproj", "{3DBBB00D-D936-4039-827F-707D8BAE5B36}"
EndProject
Project("{FAE04EC0-301F-11D3-BF4B-00C04F79EFBC}") = "QuickBuy.Repositorio", "QuickBuy.Repositorio\QuickBuy.Repositorio.csproj", "{30BCDEDB-E3C4-4B0E-BDE6-7287440A28C2}"
EndProject
Project("{FAE04EC0-301F-11D3-BF4B-00C04F79EFBC}") = "QuickBuy.Web", "QuickBuy.Web\QuickBuy.Web.csproj", "{A40766AA-20C0-4B91-B132-5394E45EC64F}"
EndProject
Global
	GlobalSection(SolutionConfigurationPlatforms) = preSolution
		Debug|Any CPU = Debug|Any CPU
		Debug|x64 = Debug|x64
		Debug|x86 = Debug|x86
		Release|Any CPU = Release|Any CPU
		Release|x64 = Release|x64
		Release|x86 = Release|x86
	EndGlobalSection
	GlobalSection(SolutionProperties) = preSolution
		HideSolutionNode = FALSE
	EndGlobalSection
	GlobalSection(ProjectConfigurationPlatforms) = postSolution
		{3DBBB00D-D936-4039-827F-707D8BAE5B36}.Debug|Any CPU.ActiveCfg = Debug|Any CPU
		{3DBBB00D-D936-4039-827F-707D8BAE5B36}.Debug|Any CPU.Build.0 = Debug|Any CPU
		{3DBBB00D-D936-4039-827F-707D8BAE5B36}.Debug|x64.ActiveCfg = Debug|Any CPU
		{3DBBB00D-D936-4039-827F-707D8BAE5B36}.Debug|x64.Build.0 = Debug|Any CPU
		{3DBBB00D-D936-4039-827F-707D8BAE5B36}.Debug|x86.ActiveCfg = Debug|Any CPU
		{3DBBB00D-D936-4039-827F-707D8BAE5B36}.Debug|x86.Build.0 = Debug|Any CPU
		{3DBBB00D-D936-4039-827F-707D8BAE5B36}.Release|Any CPU.ActiveCfg = Release|Any CPU
		{3DBBB00D-D936-4039-827F-707D8BAE5B36}.Release|Any CPU.Build.0 = Release|Any CPU
		{3DBBB00D-D936-4039-827F-707D8BAE5B36}.Release|x64.ActiveCfg = Release|Any CPU
		{3DBBB00D-D936-4039-827F-707D8BAE5B36}.Release|x64.Build.0 = Release|Any CPU
		{3DBBB00D-D936-4039-827F-707D8BAE5B36}.Release|x86.ActiveCfg = Release|Any CPU
		{3DBBB00D-D936-4039-827F-707D8BAE5B36}.Release|x86.Build.0 = Release|Any CPU
		{30BCDEDB-E3C4-4B0E-BDE6-7287440A28C2}.Debug|Any CPU.ActiveCfg = Debug|Any CPU
		{30BCDEDB-E3C4-4B0E-BDE6-7287440A28C2}.Debug|Any CPU.Build.0 = Debug|Any CPU
		{30BCDEDB-E3C4-4B0E-BDE6-7287440A28C2}.Debug|x64.ActiveCfg = Debug|Any CPU
		{30BCDEDB-E3C4-4B0E-BDE6-7287440A28C2}.Debug|x64.Build.0 = Debug|Any CPU
		{30BCDEDB-E3C4-4B0E-BDE6-7287440A28C2}.Debug|x86.ActiveCfg = Debug|Any CPU
		{30BCDEDB-E3C4-4B0E-BDE6-7287440A28C2}.Debug|x86.Build.0 = Debug|Any CPU
		{30BCDEDB-E3C4-4B0E-BDE6-7287440A28C2}.Release|Any CPU.ActiveCfg = Release|Any CPU
		{30BCDEDB-E3C4-4B0E-BDE6-7287440A28C2}.Release|Any CPU.Build.0 = Release|Any CPU
		{30BCDEDB-E3C4-4B0E-BDE6-7287440A28C2}.Release|x64.ActiveCfg = Release|Any CPU
		{30BCDEDB-E3C4-4B0E-BDE6-7287440A28C2}.Release|x64.Build.0 = Release|Any CPU
		{30BCDEDB-E3C4-4B0E-BDE6-7287440A28C2}.Release|x86.ActiveCfg = Release|Any CPU
		{30BCDEDB-E3C4-4B0E-BDE6-7287440A28C2}.Release|x86.Build.0 = Release|Any CPU
		{A40766AA-20C0-4B91-B132-5394E45EC64F}.Debug|Any CPU.ActiveCfg = Debug|Any CPU
		{A40766AA-20C0-4B91-B132-5394E45EC64F}.Debug|Any CPU.Build.0 = Debug|Any CPU
		{A40766AA-20C0-4B91-B132-5394E45EC64F}.Debug|x64.ActiveCfg = Debug|Any CPU
		{A40766AA-20C0-4B91-B132-5394E45EC64F}.Debug|x64.Build.0 = Debug|Any CPU
		{A40766AA-20C0-4B91-B132-5394E45EC64F}.Debug|x86.ActiveCfg = Debug|Any CPU
		{A40766AA-20C0-4B91-B132-5394E45EC64F}.Debug|x86.Build.0 = Debug|Any CPU
		{A40766AA-20C0-4B91-B132-5394E45EC64F}.Release|Any CPU.ActiveCfg = Release|Any CPU
		{A40766AA-20C0-4B91-B132-5394E45EC64F}.Release|Any CPU.Build.0 = Release|Any CPU
		{A40766AA-20C0-4B91-B132-5394E45EC64F}.Release|x64.ActiveCfg = Release|Any CPU
		{A40766AA-20C0-4B91-B132-5394E45EC64F}.Release|x64.Build.0 = Release|Any CPU
		{A40766AA-20C0-4B91-B132-5394E45EC64F}.Release|x86.ActiveCfg = Release|Any CPU
		{A40766AA-20C0-4B91-B132-5394E45EC64F}.Release|x86.Build.0 = Release|Any CPU
	EndGlobalSection
EndGlobal
