
Microsoft Visual Studio Solution File, Format Version 12.00
# Visual Studio Version 16
VisualStudioVersion = 16.0.30330.147
MinimumVisualStudioVersion = 15.0.26124.0
Project("{9A19103F-16F7-4668-BE54-9A1E7A4F7556}") = "QuickBuy.Web", "QuickBuy.Web\QuickBuy.Web.csproj", "{A40766AA-20C0-4B91-B132-5394E45EC64F}"
EndProject
Project("{FAE04EC0-301F-11D3-BF4B-00C04F79EFBC}") = "QuickBuy.Dominio", "QuickBuy.Dominio\QuickBuy.Dominio.csproj", "{1AE2A3FB-ECDF-4485-9C83-72C68C66DFF4}"
EndProject
Project("{FAE04EC0-301F-11D3-BF4B-00C04F79EFBC}") = "QuickBuy.Repositorio", "QuickBuy.Repositorio\QuickBuy.Repositorio.csproj", "{D49FCD16-452D-4452-BC0F-5302200B6710}"
EndProject
Global
	GlobalSection(SolutionConfigurationPlatforms) = preSolution
		Debug|Any CPU = Debug|Any CPU
		Debug|x64 = Debug|x64
		Debug|x86 = Debug|x86
		Release|Any CPU = Release|Any CPU
		Release|x64 = Release|x64
		Release|x86 = Release|x86
	EndGlobalSection
	GlobalSection(ProjectConfigurationPlatforms) = postSolution
		{A40766AA-20C0-4B91-B132-5394E45EC64F}.Debug|Any CPU.ActiveCfg = Debug|Any CPU
		{A40766AA-20C0-4B91-B132-5394E45EC64F}.Debug|Any CPU.Build.0 = Debug|Any CPU
		{A40766AA-20C0-4B91-B132-5394E45EC64F}.Debug|x64.ActiveCfg = Debug|Any CPU
		{A40766AA-20C0-4B91-B132-5394E45EC64F}.Debug|x64.Build.0 = Debug|Any CPU
		{A40766AA-20C0-4B91-B132-5394E45EC64F}.Debug|x86.ActiveCfg = Debug|Any CPU
		{A40766AA-20C0-4B91-B132-5394E45EC64F}.Debug|x86.Build.0 = Debug|Any CPU
		{A40766AA-20C0-4B91-B132-5394E45EC64F}.Release|Any CPU.ActiveCfg = Release|Any CPU
		{A40766AA-20C0-4B91-B132-5394E45EC64F}.Release|Any CPU.Build.0 = Release|Any CPU
		{A40766AA-20C0-4B91-B132-5394E45EC64F}.Release|x64.ActiveCfg = Release|Any CPU
		{A40766AA-20C0-4B91-B132-5394E45EC64F}.Release|x64.Build.0 = Release|Any CPU
		{A40766AA-20C0-4B91-B132-5394E45EC64F}.Release|x86.ActiveCfg = Release|Any CPU
		{A40766AA-20C0-4B91-B132-5394E45EC64F}.Release|x86.Build.0 = Release|Any CPU
		{1AE2A3FB-ECDF-4485-9C83-72C68C66DFF4}.Debug|Any CPU.ActiveCfg = Debug|Any CPU
		{1AE2A3FB-ECDF-4485-9C83-72C68C66DFF4}.Debug|Any CPU.Build.0 = Debug|Any CPU
		{1AE2A3FB-ECDF-4485-9C83-72C68C66DFF4}.Debug|x64.ActiveCfg = Debug|Any CPU
		{1AE2A3FB-ECDF-4485-9C83-72C68C66DFF4}.Debug|x64.Build.0 = Debug|Any CPU
		{1AE2A3FB-ECDF-4485-9C83-72C68C66DFF4}.Debug|x86.ActiveCfg = Debug|Any CPU
		{1AE2A3FB-ECDF-4485-9C83-72C68C66DFF4}.Debug|x86.Build.0 = Debug|Any CPU
		{1AE2A3FB-ECDF-4485-9C83-72C68C66DFF4}.Release|Any CPU.ActiveCfg = Release|Any CPU
		{1AE2A3FB-ECDF-4485-9C83-72C68C66DFF4}.Release|Any CPU.Build.0 = Release|Any CPU
		{1AE2A3FB-ECDF-4485-9C83-72C68C66DFF4}.Release|x64.ActiveCfg = Release|Any CPU
		{1AE2A3FB-ECDF-4485-9C83-72C68C66DFF4}.Release|x64.Build.0 = Release|Any CPU
		{1AE2A3FB-ECDF-4485-9C83-72C68C66DFF4}.Release|x86.ActiveCfg = Release|Any CPU
		{1AE2A3FB-ECDF-4485-9C83-72C68C66DFF4}.Release|x86.Build.0 = Release|Any CPU
		{D49FCD16-452D-4452-BC0F-5302200B6710}.Debug|Any CPU.ActiveCfg = Debug|Any CPU
		{D49FCD16-452D-4452-BC0F-5302200B6710}.Debug|Any CPU.Build.0 = Debug|Any CPU
		{D49FCD16-452D-4452-BC0F-5302200B6710}.Debug|x64.ActiveCfg = Debug|Any CPU
		{D49FCD16-452D-4452-BC0F-5302200B6710}.Debug|x64.Build.0 = Debug|Any CPU
		{D49FCD16-452D-4452-BC0F-5302200B6710}.Debug|x86.ActiveCfg = Debug|Any CPU
		{D49FCD16-452D-4452-BC0F-5302200B6710}.Debug|x86.Build.0 = Debug|Any CPU
		{D49FCD16-452D-4452-BC0F-5302200B6710}.Release|Any CPU.ActiveCfg = Release|Any CPU
		{D49FCD16-452D-4452-BC0F-5302200B6710}.Release|Any CPU.Build.0 = Release|Any CPU
		{D49FCD16-452D-4452-BC0F-5302200B6710}.Release|x64.ActiveCfg = Release|Any CPU
		{D49FCD16-452D-4452-BC0F-5302200B6710}.Release|x64.Build.0 = Release|Any CPU
		{D49FCD16-452D-4452-BC0F-5302200B6710}.Release|x86.ActiveCfg = Release|Any CPU
		{D49FCD16-452D-4452-BC0F-5302200B6710}.Release|x86.Build.0 = Release|Any CPU
	EndGlobalSection
	GlobalSection(SolutionProperties) = preSolution
		HideSolutionNode = FALSE
	EndGlobalSection
	GlobalSection(ExtensibilityGlobals) = postSolution
		SolutionGuid = {95DDC870-D1EA-4745-A156-743167D679E0}
	EndGlobalSection
EndGlobal
